github.com/Eyevinn/hls-m3u8 v0.6.2 h1:TThNa4dIurxc5evAmwQ4YO5uGL+HY+x4zeS9T0RcC9I=
github.com/Eyevinn/hls-m3u8 v0.6.2/go.mod h1:9jzVfwCo1+TC6yz+TKDBt9gIshzI9fhVE7M5AhcOSnQ=
github.com/matryer/is v1.4.1 h1:55ehd8zaGABKLXQUe2awZ99BD/PTc2ls+KV/dXphgEQ=
github.com/matryer/is v1.4.1/go.mod h1:8I/i5uYgLzgsgEloJE1U6xx5HkBQpAZvepWuujKwMRU=
github.com/spf13/pflag v1.0.10 h1:4EBh2KAYBwaONj6b2Ye1GiHfwjqyROoF4RwYO+vPwFk=
github.com/spf13/pflag v1.0.10/go.mod h1:McXfInJRrz4CZXVZOBLb0bTZqETkiAhM9Iw0y3An2Bg=
